<?xml version="1.0" encoding="UTF-8"?>
<CONFIG>
  <ProjectOptions>
    <Version Value="10"/>
    <PathDelim Value="\"/>
    <General>
      <Flags>
        <MainUnitHasCreateFormStatements Value="False"/>
      </Flags>
      <MainUnit Value="0"/>
      <ResourceType Value="res"/>
      <UseXPManifest Value="True"/>
      <Icon Value="0"/>
    </General>
    <i18n>
      <EnableI18N LFM="False"/>
    </i18n>
    <BuildModes Count="1" Active="Default">
      <Item1 Name="Default" Default="True"/>
    </BuildModes>
    <PublishOptions>
      <Version Value="2"/>
      <IncludeFileFilter Value="*.(pas|pp|inc|lfm|lpr|lrs|lpi|lpk|sh|xml)"/>
      <ExcludeFileFilter Value="*.(bak|ppu|o|so);*~;backup"/>
    </PublishOptions>
    <RunParams>
      <local>
        <FormatVersion Value="1"/>
      </local>
    </RunParams>
    <Units Count="2">
      <Unit0>
        <Filename Value="cpvausw.lpr"/>
        <IsPartOfProject Value="True"/>
        <IsVisibleTab Value="True"/>
        <TopLine Value="153"/>
        <CursorPos X="5" Y="188"/>
        <UsageCount Value="38"/>
        <Loaded Value="True"/>
      </Unit0>
      <Unit1>
        <Filename Value="..\PVausw_eng\pv_ausw1.pas"/>
        <UnitName Value="PV_Ausw1"/>
        <EditorIndex Value="-1"/>
        <TopLine Value="3345"/>
        <CursorPos X="65" Y="3377"/>
        <UsageCount Value="12"/>
      </Unit1>
    </Units>
    <JumpHistory Count="30" HistoryIndex="29">
      <Position1>
        <Filename Value="cpvausw.lpr"/>
        <Caret Line="71" Column="16" TopLine="61"/>
      </Position1>
      <Position2>
        <Filename Value="cpvausw.lpr"/>
        <Caret Line="189" Column="23" TopLine="161"/>
      </Position2>
      <Position3>
        <Filename Value="cpvausw.lpr"/>
        <Caret Line="190" Column="22" TopLine="162"/>
      </Position3>
      <Position4>
        <Filename Value="cpvausw.lpr"/>
        <Caret Line="191" Column="23" TopLine="163"/>
      </Position4>
      <Position5>
        <Filename Value="cpvausw.lpr"/>
        <Caret Line="192" Column="23" TopLine="164"/>
      </Position5>
      <Position6>
        <Filename Value="cpvausw.lpr"/>
        <Caret Line="193" Column="20" TopLine="165"/>
      </Position6>
      <Position7>
        <Filename Value="cpvausw.lpr"/>
        <Caret Line="194" Column="21" TopLine="166"/>
      </Position7>
      <Position8>
        <Filename Value="cpvausw.lpr"/>
        <Caret Line="196" Column="30" TopLine="168"/>
      </Position8>
      <Position9>
        <Filename Value="cpvausw.lpr"/>
        <Caret Line="197" Column="29" TopLine="169"/>
      </Position9>
      <Position10>
        <Filename Value="cpvausw.lpr"/>
        <Caret Line="100" Column="7" TopLine="91"/>
      </Position10>
      <Position11>
        <Filename Value="cpvausw.lpr"/>
        <Caret Line="107" Column="22" TopLine="91"/>
      </Position11>
      <Position12>
        <Filename Value="cpvausw.lpr"/>
        <Caret Line="559" Column="19" TopLine="530"/>
      </Position12>
      <Position13>
        <Filename Value="cpvausw.lpr"/>
        <Caret Line="190" Column="54" TopLine="174"/>
      </Position13>
      <Position14>
        <Filename Value="cpvausw.lpr"/>
        <Caret Line="213" Column="23" TopLine="160"/>
      </Position14>
      <Position15>
        <Filename Value="cpvausw.lpr"/>
        <Caret Line="199" Column="50" TopLine="172"/>
      </Position15>
      <Position16>
        <Filename Value="cpvausw.lpr"/>
        <Caret Line="176" Column="54" TopLine="173"/>
      </Position16>
      <Position17>
        <Filename Value="cpvausw.lpr"/>
        <Caret Line="177" Column="7" TopLine="169"/>
      </Position17>
      <Position18>
        <Filename Value="cpvausw.lpr"/>
        <Caret Line="379" Column="63" TopLine="344"/>
      </Position18>
      <Position19>
        <Filename Value="cpvausw.lpr"/>
        <Caret Line="507" Column="57" TopLine="472"/>
      </Position19>
      <Position20>
        <Filename Value="cpvausw.lpr"/>
        <Caret Line="508" Column="52" TopLine="473"/>
      </Position20>
      <Position21>
        <Filename Value="cpvausw.lpr"/>
        <Caret Line="178" TopLine="176"/>
      </Position21>
      <Position22>
        <Filename Value="cpvausw.lpr"/>
        <Caret Line="188" Column="17" TopLine="180"/>
      </Position22>
      <Position23>
        <Filename Value="cpvausw.lpr"/>
        <Caret Line="190" Column="17" TopLine="180"/>
      </Position23>
      <Position24>
        <Filename Value="cpvausw.lpr"/>
        <Caret Line="192" Column="17" TopLine="180"/>
      </Position24>
      <Position25>
        <Filename Value="cpvausw.lpr"/>
        <Caret Line="194" Column="17" TopLine="180"/>
      </Position25>
      <Position26>
        <Filename Value="cpvausw.lpr"/>
        <Caret Line="196" Column="17" TopLine="180"/>
      </Position26>
      <Position27>
        <Filename Value="cpvausw.lpr"/>
        <Caret Line="198" Column="17" TopLine="180"/>
      </Position27>
      <Position28>
        <Filename Value="cpvausw.lpr"/>
        <Caret Line="201" Column="19" TopLine="180"/>
      </Position28>
      <Position29>
        <Filename Value="cpvausw.lpr"/>
        <Caret Line="203" Column="19" TopLine="180"/>
      </Position29>
      <Position30>
        <Filename Value="cpvausw.lpr"/>
        <Caret Line="70" Column="16" TopLine="48"/>
      </Position30>
    </JumpHistory>
  </ProjectOptions>
  <CompilerOptions>
    <Version Value="11"/>
    <PathDelim Value="\"/>
    <Target>
      <Filename Value="cpvausw"/>
    </Target>
    <SearchPaths>
      <IncludeFiles Value="$(ProjOutDir)"/>
      <Libraries Value="$(LazarusDir)"/>
      <OtherUnitFiles Value="$(LazarusDir)\components\indy-10.2.0.3\lazarus;$(LazarusDir)\components\lazutils"/>
      <UnitOutputDirectory Value="lib\$(TargetCPU)-$(TargetOS)"/>
    </SearchPaths>
  </CompilerOptions>
  <Debugging>
    <Exceptions Count="3">
      <Item1>
        <Name Value="EAbort"/>
      </Item1>
      <Item2>
        <Name Value="ECodetoolError"/>
      </Item2>
      <Item3>
        <Name Value="EFOpenError"/>
      </Item3>
    </Exceptions>
  </Debugging>
</CONFIG>
